
Microsoft Visual Studio Solution File, Format Version 12.00
# Visual Studio 15
VisualStudioVersion = 15.0.27130.2010
MinimumVisualStudioVersion = 10.0.40219.1
Project("{FAE04EC0-301F-11D3-BF4B-00C04F79EFBC}") = "STB.Core", "STB.Core\STB.Core.csproj", "{7114B9D4-189D-4460-8E5D-D075C2502A2E}"
EndProject
Global
	GlobalSection(SolutionConfigurationPlatforms) = preSolution
		Debug|Any CPU = Debug|Any CPU
		Release|Any CPU = Release|Any CPU
	EndGlobalSection
	GlobalSection(ProjectConfigurationPlatforms) = postSolution
		{7114B9D4-189D-4460-8E5D-D075C2502A2E}.Debug|Any CPU.ActiveCfg = Debug|Any CPU
		{7114B9D4-189D-4460-8E5D-D075C2502A2E}.Debug|Any CPU.Build.0 = Debug|Any CPU
		{7114B9D4-189D-4460-8E5D-D075C2502A2E}.Release|Any CPU.ActiveCfg = Release|Any CPU
		{7114B9D4-189D-4460-8E5D-D075C2502A2E}.Release|Any CPU.Build.0 = Release|Any CPU
	EndGlobalSection
	GlobalSection(SolutionProperties) = preSolution
		HideSolutionNode = FALSE
	EndGlobalSection
	GlobalSection(ExtensibilityGlobals) = postSolution
		SolutionGuid = {C965E3FF-C79C-4FE9-B474-6A5A1B5B974D}
	EndGlobalSection
EndGlobal
